
Microsoft Visual Studio Solution File, Format Version 12.00
# Visual Studio Version 17
VisualStudioVersion = 17.3.32929.385
MinimumVisualStudioVersion = 10.0.40219.1
Project("{FAE04EC0-301F-11D3-BF4B-00C04F79EFBC}") = "ShoppingMallSystem", "ShoppingMallSystem\ShoppingMallSystem.csproj", "{DDDB668C-D904-463A-A8E6-AAEC32930E20}"
EndProject
Global
	GlobalSection(SolutionConfigurationPlatforms) = preSolution
		Debug|Any CPU = Debug|Any CPU
		Release|Any CPU = Release|Any CPU
	EndGlobalSection
	GlobalSection(ProjectConfigurationPlatforms) = postSolution
		{DDDB668C-D904-463A-A8E6-AAEC32930E20}.Debug|Any CPU.ActiveCfg = Debug|Any CPU
		{DDDB668C-D904-463A-A8E6-AAEC32930E20}.Debug|Any CPU.Build.0 = Debug|Any CPU
		{DDDB668C-D904-463A-A8E6-AAEC32930E20}.Release|Any CPU.ActiveCfg = Release|Any CPU
		{DDDB668C-D904-463A-A8E6-AAEC32930E20}.Release|Any CPU.Build.0 = Release|Any CPU
	EndGlobalSection
	GlobalSection(SolutionProperties) = preSolution
		HideSolutionNode = FALSE
	EndGlobalSection
	GlobalSection(ExtensibilityGlobals) = postSolution
		SolutionGuid = {16D8FACD-DD23-43A1-999F-3BD2899FE6F2}
	EndGlobalSection
EndGlobal
