
Microsoft Visual Studio Solution File, Format Version 12.00
# Visual Studio Version 17
VisualStudioVersion = 17.3.32811.315
MinimumVisualStudioVersion = 10.0.40219.1
Project("{FAE04EC0-301F-11D3-BF4B-00C04F79EFBC}") = "Login_Form", "Login_Form\Login_Form.csproj", "{0D77D510-97A0-4638-BE80-4FCFCFF46125}"
EndProject
Global
	GlobalSection(SolutionConfigurationPlatforms) = preSolution
		Debug|Any CPU = Debug|Any CPU
		Release|Any CPU = Release|Any CPU
	EndGlobalSection
	GlobalSection(ProjectConfigurationPlatforms) = postSolution
		{0D77D510-97A0-4638-BE80-4FCFCFF46125}.Debug|Any CPU.ActiveCfg = Debug|Any CPU
		{0D77D510-97A0-4638-BE80-4FCFCFF46125}.Debug|Any CPU.Build.0 = Debug|Any CPU
		{0D77D510-97A0-4638-BE80-4FCFCFF46125}.Release|Any CPU.ActiveCfg = Release|Any CPU
		{0D77D510-97A0-4638-BE80-4FCFCFF46125}.Release|Any CPU.Build.0 = Release|Any CPU
	EndGlobalSection
	GlobalSection(SolutionProperties) = preSolution
		HideSolutionNode = FALSE
	EndGlobalSection
	GlobalSection(ExtensibilityGlobals) = postSolution
		SolutionGuid = {23932217-17BA-495C-B867-529494F35D0E}
	EndGlobalSection
EndGlobal
