
Microsoft Visual Studio Solution File, Format Version 12.00
# Visual Studio Version 17
VisualStudioVersion = 17.3.32901.215
MinimumVisualStudioVersion = 10.0.40219.1
Project("{FAE04EC0-301F-11D3-BF4B-00C04F79EFBC}") = "OrderEntery", "OrderEntery\OrderEntery.csproj", "{62494EE3-180E-4BCF-AC52-E14DD512C0F9}"
EndProject
Global
	GlobalSection(SolutionConfigurationPlatforms) = preSolution
		Debug|Any CPU = Debug|Any CPU
		Release|Any CPU = Release|Any CPU
	EndGlobalSection
	GlobalSection(ProjectConfigurationPlatforms) = postSolution
		{62494EE3-180E-4BCF-AC52-E14DD512C0F9}.Debug|Any CPU.ActiveCfg = Debug|Any CPU
		{62494EE3-180E-4BCF-AC52-E14DD512C0F9}.Debug|Any CPU.Build.0 = Debug|Any CPU
		{62494EE3-180E-4BCF-AC52-E14DD512C0F9}.Release|Any CPU.ActiveCfg = Release|Any CPU
		{62494EE3-180E-4BCF-AC52-E14DD512C0F9}.Release|Any CPU.Build.0 = Release|Any CPU
	EndGlobalSection
	GlobalSection(SolutionProperties) = preSolution
		HideSolutionNode = FALSE
	EndGlobalSection
	GlobalSection(ExtensibilityGlobals) = postSolution
		SolutionGuid = {9BB3473D-52A0-47AC-BBCC-6796630BEC8A}
	EndGlobalSection
EndGlobal
