
Microsoft Visual Studio Solution File, Format Version 12.00
# Visual Studio Version 17
VisualStudioVersion = 17.3.32811.315
MinimumVisualStudioVersion = 10.0.40219.1
Project("{FAE04EC0-301F-11D3-BF4B-00C04F79EFBC}") = "CRUD_APP", "CRUD_APP\CRUD_APP.csproj", "{6F343214-159B-4C26-AB9D-BA0766F6F2DB}"
EndProject
Global
	GlobalSection(SolutionConfigurationPlatforms) = preSolution
		Debug|Any CPU = Debug|Any CPU
		Release|Any CPU = Release|Any CPU
	EndGlobalSection
	GlobalSection(ProjectConfigurationPlatforms) = postSolution
		{6F343214-159B-4C26-AB9D-BA0766F6F2DB}.Debug|Any CPU.ActiveCfg = Debug|Any CPU
		{6F343214-159B-4C26-AB9D-BA0766F6F2DB}.Debug|Any CPU.Build.0 = Debug|Any CPU
		{6F343214-159B-4C26-AB9D-BA0766F6F2DB}.Release|Any CPU.ActiveCfg = Release|Any CPU
		{6F343214-159B-4C26-AB9D-BA0766F6F2DB}.Release|Any CPU.Build.0 = Release|Any CPU
	EndGlobalSection
	GlobalSection(SolutionProperties) = preSolution
		HideSolutionNode = FALSE
	EndGlobalSection
	GlobalSection(ExtensibilityGlobals) = postSolution
		SolutionGuid = {56CB27AF-6361-4FA6-8238-B215DDE9F427}
	EndGlobalSection
EndGlobal
