
Microsoft Visual Studio Solution File, Format Version 12.00
# Visual Studio Version 17
VisualStudioVersion = 17.3.32901.215
MinimumVisualStudioVersion = 10.0.40219.1
Project("{FAE04EC0-301F-11D3-BF4B-00C04F79EFBC}") = "Tic Tac Toe AI", "Tic Tac Toe AI\Tic Tac Toe AI.csproj", "{291AF7F3-12CA-4518-99DB-E87F313C1528}"
EndProject
Global
	GlobalSection(SolutionConfigurationPlatforms) = preSolution
		Debug|Any CPU = Debug|Any CPU
		Release|Any CPU = Release|Any CPU
	EndGlobalSection
	GlobalSection(ProjectConfigurationPlatforms) = postSolution
		{291AF7F3-12CA-4518-99DB-E87F313C1528}.Debug|Any CPU.ActiveCfg = Debug|Any CPU
		{291AF7F3-12CA-4518-99DB-E87F313C1528}.Debug|Any CPU.Build.0 = Debug|Any CPU
		{291AF7F3-12CA-4518-99DB-E87F313C1528}.Release|Any CPU.ActiveCfg = Release|Any CPU
		{291AF7F3-12CA-4518-99DB-E87F313C1528}.Release|Any CPU.Build.0 = Release|Any CPU
	EndGlobalSection
	GlobalSection(SolutionProperties) = preSolution
		HideSolutionNode = FALSE
	EndGlobalSection
	GlobalSection(ExtensibilityGlobals) = postSolution
		SolutionGuid = {8EE19A0C-D2A2-44E6-A8D0-9835557C12B1}
	EndGlobalSection
EndGlobal
